version: 1
files:
  src\locales\en\common.json:
    actions.back: 0557fa923dcee4d0f86b1409f5c2167f
    actions.cancel: ea4788705e6873b424c65e91c2846b19
    actions.goHome: 93194e0559e6633a845a8fbc6f110262
    actions.save: c9cc8cce247e49bae79f15173ce97354
    actions.tryAgain: f915a95e609bbd517a8a1e7bdcceef37
    language.label: 4994a8ffeba4ac3140beb89e8d41f174
    theme.dark: a18366b217ebf811ad1886e4f4f865b2
    theme.label: d721757161f7f70c5b0949fdb6ec2c30
    theme.light: 9914a0ce04a7b7b6a8e39bec55064b82
    theme.system: a45da96d0bf6575970f2d27af22be28a
  src\locales\en\emails.json:
    common.buttonFallback: 6ad5650c34181f551dc8295e6411d9e5
    common.greeting: 6a5cb205146950e266363704ec81b11a
    common.ignoreIfNotYou: ef94275f17993bb6744cba2366e8b1db
    common.privacy: c5f29bb36f9158d2e00f5d4dc213a0ff
    common.questions: 6f0c8ffac53c9d0c6936a5c7b962afd8
    common.terms: 6f1bf85c9ebb3c7fa26251e1e335e032
    deleteAccount.body: 069365f602fea234644232b2e5fc4198
    deleteAccount.button: c2b66c65b521f908166d2023d2dc8f16
    deleteAccount.expiry: 0da78ddcab9d2d44441c822e5076a9ea
    deleteAccount.heading: 2f5d20f3448c1daa17bff1ba74d57f5f
    deleteAccount.preview: b1a3cae08bbfbc343d617c15b711a398
    deleteAccount.subject: 9b9ca4cd6b106119011c35a654042c5a
    deleteAccount.warning: 7ff7b6fdb7ace14316f30dad00c8d2ca
    magicLink.body: 38c169d072786b3f59170814fd9996ea
    magicLink.button: b6d4223e60986fa4c9af77ee5f7149c5
    magicLink.expiry: f32eb3000fe798f85858b72de7a79af0
    magicLink.heading: b6d4223e60986fa4c9af77ee5f7149c5
    magicLink.preview: f9165c774da3276408169b65c85c052a
    magicLink.subject: 2b0dbc6e75d00ff4d295f8a9f8623a67
    organizationInvitation.body: 49759ccadab8580c2093ddba98566425
    organizationInvitation.button: 00b177e080ff1c3d340997fb01c3951c
    organizationInvitation.expiry: dd7f0d4c26547ed80f8904ab5e6d6b18
    organizationInvitation.heading: 87df7f45a1356da1ebdc6e85941b9cbe
    organizationInvitation.preview: de3b48e529d31262d186af01ed78ddab
    organizationInvitation.subject: 795fca9b14912f3f3c3e87667e39602b
    resetPassword.body: ab61d78d8788898565cc820549d5939b
    resetPassword.button: e680351535b84139a97ce3b434eb7a94
    resetPassword.expiry: 0da78ddcab9d2d44441c822e5076a9ea
    resetPassword.heading: 32fe59513f5bbdd353b4527cc6af55ce
    resetPassword.preview: 32a7b04fc1c253f3756070dde02e6ff1
    resetPassword.subject: 32fe59513f5bbdd353b4527cc6af55ce
    verifyEmail.body: a8b55bc528831f21807ed84d20980d68
    verifyEmail.button: dc7e8ffeb19232968f1aa4a99636e61a
    verifyEmail.expiry: 0da78ddcab9d2d44441c822e5076a9ea
    verifyEmail.heading: a63da4815135305791b8008e714d6cb9
    verifyEmail.preview: 9cece04937fdd127b2b879192ffeba7b
    verifyEmail.subject: 90e9a34a1e1f7b4a3b85f14114db657c
  src\locales\en\errors.json:
    CONFLICT: c1cc44571ffd36863c6553efa6505d63
    FORBIDDEN: 1f93d63d0a5baa28ad577633f496b4c3
    INTERNAL: e9f36d65b0491f99ef8f0ce2c11bf998
    NOT_FOUND: fbba477ebc37c6e84c301fb3962c5fcd
    RATE_LIMITED: 088fd7128c5f6b42b67281908d978882
    STALE_VERSION: 6624ca5fca3d77dcde6415ee910b42df
    UNAUTHORIZED: 707bb7a762cd35f6ff7273178b4efd68
    UNAVAILABLE: 846850aa9501373117461cee75522bc9
    VALIDATION_FAILED: a8a959825369a0da1f8d74b861b89f68
